
Microsoft Visual Studio Solution File, Format Version 12.00
# Visual Studio Version 16
VisualStudioVersion = 16.0.30503.244
MinimumVisualStudioVersion = 10.0.40219.1
Project("{FAE04EC0-301F-11D3-BF4B-00C04F79EFBC}") = "LAB5", "LAB5\LAB5.csproj", "{284D71E2-16BF-4004-A829-40E6E6BE06F0}"
EndProject
Global
	GlobalSection(SolutionConfigurationPlatforms) = preSolution
		Debug|Any CPU = Debug|Any CPU
		Release|Any CPU = Release|Any CPU
	EndGlobalSection
	GlobalSection(ProjectConfigurationPlatforms) = postSolution
		{284D71E2-16BF-4004-A829-40E6E6BE06F0}.Debug|Any CPU.ActiveCfg = Debug|Any CPU
		{284D71E2-16BF-4004-A829-40E6E6BE06F0}.Debug|Any CPU.Build.0 = Debug|Any CPU
		{284D71E2-16BF-4004-A829-40E6E6BE06F0}.Release|Any CPU.ActiveCfg = Release|Any CPU
		{284D71E2-16BF-4004-A829-40E6E6BE06F0}.Release|Any CPU.Build.0 = Release|Any CPU
	EndGlobalSection
	GlobalSection(SolutionProperties) = preSolution
		HideSolutionNode = FALSE
	EndGlobalSection
	GlobalSection(ExtensibilityGlobals) = postSolution
		SolutionGuid = {3FFAE774-B38E-4D7D-8F6D-81526389365D}
	EndGlobalSection
EndGlobal
